{
  "name": "vila-da-crianca",
  "lockfileVersion": 3,
  "requires": true,
  "packages": {
    "": {
      "dependencies": {
        "simple-keyboard": "^3.5.56"
      }
    },
    "node_modules/simple-keyboard": {
      "version": "3.5.56",
      "resolved": "https://registry.npmjs.org/simple-keyboard/-/simple-keyboard-3.5.56.tgz",
      "integrity": "sha512-/QQlb37mwxkRy6lTX6vzAS7uQdDeazfJgpvmj4QgRL9bxwPSX3IU5IXi0nPCha+Q9Gk36GSNsDeBFT27LFNaPA=="
    }
  }
}
